
Microsoft Visual Studio Solution File, Format Version 12.00
# Visual Studio 14
VisualStudioVersion = 14.0.23107.0
MinimumVisualStudioVersion = 10.0.40219.1
Project("{FAE04EC0-301F-11D3-BF4B-00C04F79EFBC}") = "OrderFormMVC", "OrderFormMVC\OrderFormMVC.csproj", "{DD886EE3-5B62-4857-BFA7-883FAC47D9D6}"
EndProject
Project("{FAE04EC0-301F-11D3-BF4B-00C04F79EFBC}") = "OrderForm.Domain", "OrderForm.Domain\OrderForm.Domain.csproj", "{0C801AA4-379E-4A92-AF28-AADF4E9C18F9}"
EndProject
Global
	GlobalSection(SolutionConfigurationPlatforms) = preSolution
		Debug|Any CPU = Debug|Any CPU
		Release|Any CPU = Release|Any CPU
	EndGlobalSection
	GlobalSection(ProjectConfigurationPlatforms) = postSolution
		{DD886EE3-5B62-4857-BFA7-883FAC47D9D6}.Debug|Any CPU.ActiveCfg = Debug|Any CPU
		{DD886EE3-5B62-4857-BFA7-883FAC47D9D6}.Debug|Any CPU.Build.0 = Debug|Any CPU
		{DD886EE3-5B62-4857-BFA7-883FAC47D9D6}.Release|Any CPU.ActiveCfg = Release|Any CPU
		{DD886EE3-5B62-4857-BFA7-883FAC47D9D6}.Release|Any CPU.Build.0 = Release|Any CPU
		{0C801AA4-379E-4A92-AF28-AADF4E9C18F9}.Debug|Any CPU.ActiveCfg = Debug|Any CPU
		{0C801AA4-379E-4A92-AF28-AADF4E9C18F9}.Debug|Any CPU.Build.0 = Debug|Any CPU
		{0C801AA4-379E-4A92-AF28-AADF4E9C18F9}.Release|Any CPU.ActiveCfg = Release|Any CPU
		{0C801AA4-379E-4A92-AF28-AADF4E9C18F9}.Release|Any CPU.Build.0 = Release|Any CPU
	EndGlobalSection
	GlobalSection(SolutionProperties) = preSolution
		HideSolutionNode = FALSE
	EndGlobalSection
EndGlobal
